
Microsoft Visual Studio Solution File, Format Version 12.00
Project("{FAE04EC0-301F-11D3-BF4B-00C04F79EFBC}") = "gb", "gb\gb.csproj", "{30452A95-106D-4CCB-AD7C-F577CC397DCF}"
EndProject
Project("{FAE04EC0-301F-11D3-BF4B-00C04F79EFBC}") = "reference_type", "reference_type\reference_type.csproj", "{618E83F7-821A-4092-B576-55D3284775C8}"
EndProject
Project("{FAE04EC0-301F-11D3-BF4B-00C04F79EFBC}") = "stack_objects", "stack_objects\stack_objects.csproj", "{2AAE8706-531F-4481-B594-E09FFCAC3AC8}"
EndProject
Project("{FAE04EC0-301F-11D3-BF4B-00C04F79EFBC}") = "heavy_memory", "heavy_memory\heavy_memory.csproj", "{37EF916C-E701-4DE5-93BA-FECE8F0B4B54}"
EndProject
Project("{FAE04EC0-301F-11D3-BF4B-00C04F79EFBC}") = "ReferenceTypeTests", "ReferenceTypeTests\ReferenceTypeTests.csproj", "{2B8854F9-DC1E-40D9-9EDF-63F1B83707E9}"
EndProject
Project("{FAE04EC0-301F-11D3-BF4B-00C04F79EFBC}") = "GCTests", "GCTests\GCTests.csproj", "{B76B2B76-E5B1-4A28-B715-AE3C8CC7EB08}"
EndProject
Project("{FAE04EC0-301F-11D3-BF4B-00C04F79EFBC}") = "HeavyMemoryTests", "HeavyMemoryTests\HeavyMemoryTests.csproj", "{C41B5942-4096-403C-B9EF-B0B8B9BCD1E8}"
EndProject
Project("{FAE04EC0-301F-11D3-BF4B-00C04F79EFBC}") = "StackOblectsTests", "StackOblectsTests\StackOblectsTests.csproj", "{840CB984-E3B3-4C53-81CE-BAE1E737703D}"
EndProject
Global
	GlobalSection(SolutionConfigurationPlatforms) = preSolution
		Debug|Any CPU = Debug|Any CPU
		Release|Any CPU = Release|Any CPU
	EndGlobalSection
	GlobalSection(ProjectConfigurationPlatforms) = postSolution
		{30452A95-106D-4CCB-AD7C-F577CC397DCF}.Debug|Any CPU.ActiveCfg = Debug|Any CPU
		{30452A95-106D-4CCB-AD7C-F577CC397DCF}.Debug|Any CPU.Build.0 = Debug|Any CPU
		{30452A95-106D-4CCB-AD7C-F577CC397DCF}.Release|Any CPU.ActiveCfg = Release|Any CPU
		{30452A95-106D-4CCB-AD7C-F577CC397DCF}.Release|Any CPU.Build.0 = Release|Any CPU
		{618E83F7-821A-4092-B576-55D3284775C8}.Debug|Any CPU.ActiveCfg = Debug|Any CPU
		{618E83F7-821A-4092-B576-55D3284775C8}.Debug|Any CPU.Build.0 = Debug|Any CPU
		{618E83F7-821A-4092-B576-55D3284775C8}.Release|Any CPU.ActiveCfg = Release|Any CPU
		{618E83F7-821A-4092-B576-55D3284775C8}.Release|Any CPU.Build.0 = Release|Any CPU
		{2AAE8706-531F-4481-B594-E09FFCAC3AC8}.Debug|Any CPU.ActiveCfg = Debug|Any CPU
		{2AAE8706-531F-4481-B594-E09FFCAC3AC8}.Debug|Any CPU.Build.0 = Debug|Any CPU
		{2AAE8706-531F-4481-B594-E09FFCAC3AC8}.Release|Any CPU.ActiveCfg = Release|Any CPU
		{2AAE8706-531F-4481-B594-E09FFCAC3AC8}.Release|Any CPU.Build.0 = Release|Any CPU
		{37EF916C-E701-4DE5-93BA-FECE8F0B4B54}.Debug|Any CPU.ActiveCfg = Debug|Any CPU
		{37EF916C-E701-4DE5-93BA-FECE8F0B4B54}.Debug|Any CPU.Build.0 = Debug|Any CPU
		{37EF916C-E701-4DE5-93BA-FECE8F0B4B54}.Release|Any CPU.ActiveCfg = Release|Any CPU
		{37EF916C-E701-4DE5-93BA-FECE8F0B4B54}.Release|Any CPU.Build.0 = Release|Any CPU
		{2B8854F9-DC1E-40D9-9EDF-63F1B83707E9}.Debug|Any CPU.ActiveCfg = Debug|Any CPU
		{2B8854F9-DC1E-40D9-9EDF-63F1B83707E9}.Debug|Any CPU.Build.0 = Debug|Any CPU
		{2B8854F9-DC1E-40D9-9EDF-63F1B83707E9}.Release|Any CPU.ActiveCfg = Release|Any CPU
		{2B8854F9-DC1E-40D9-9EDF-63F1B83707E9}.Release|Any CPU.Build.0 = Release|Any CPU
		{B76B2B76-E5B1-4A28-B715-AE3C8CC7EB08}.Debug|Any CPU.ActiveCfg = Debug|Any CPU
		{B76B2B76-E5B1-4A28-B715-AE3C8CC7EB08}.Debug|Any CPU.Build.0 = Debug|Any CPU
		{B76B2B76-E5B1-4A28-B715-AE3C8CC7EB08}.Release|Any CPU.ActiveCfg = Release|Any CPU
		{B76B2B76-E5B1-4A28-B715-AE3C8CC7EB08}.Release|Any CPU.Build.0 = Release|Any CPU
		{C41B5942-4096-403C-B9EF-B0B8B9BCD1E8}.Debug|Any CPU.ActiveCfg = Debug|Any CPU
		{C41B5942-4096-403C-B9EF-B0B8B9BCD1E8}.Debug|Any CPU.Build.0 = Debug|Any CPU
		{C41B5942-4096-403C-B9EF-B0B8B9BCD1E8}.Release|Any CPU.ActiveCfg = Release|Any CPU
		{C41B5942-4096-403C-B9EF-B0B8B9BCD1E8}.Release|Any CPU.Build.0 = Release|Any CPU
		{840CB984-E3B3-4C53-81CE-BAE1E737703D}.Debug|Any CPU.ActiveCfg = Debug|Any CPU
		{840CB984-E3B3-4C53-81CE-BAE1E737703D}.Debug|Any CPU.Build.0 = Debug|Any CPU
		{840CB984-E3B3-4C53-81CE-BAE1E737703D}.Release|Any CPU.ActiveCfg = Release|Any CPU
		{840CB984-E3B3-4C53-81CE-BAE1E737703D}.Release|Any CPU.Build.0 = Release|Any CPU
	EndGlobalSection
EndGlobal
